// !$*UTF8*$!
{
	archiveVersion = 1;
	classes = {
	};
	objectVersion = 48;
	objects = {

/* Begin PBXBuildFile section */
		07352FBB1E90FBE50011C4A8 /* GCDOperations.framework in Frameworks */ = {isa = PBXBuildFile; fileRef = 07352FB11E90FBE50011C4A8 /* GCDOperations.framework */; };
		07352FC01E90FBE50011C4A8 /* GCDOperationsTests.swift in Sources */ = {isa = PBXBuildFile; fileRef = 07352FBF1E90FBE50011C4A8 /* GCDOperationsTests.swift */; };
		07352FC21E90FBE50011C4A8 /* GCDOperations.h in Headers */ = {isa = PBXBuildFile; fileRef = 07352FB41E90FBE50011C4A8 /* GCDOperations.h */; settings = {ATTRIBUTES = (Public, ); }; };
		07B145BC1E953D500030938C /* GCDCoreOperations.framework in Frameworks */ = {isa = PBXBuildFile; fileRef = 07B145B31E953D500030938C /* GCDCoreOperations.framework */; };
		07B145C11E953D500030938C /* GCDCoreOperationsTests.swift in Sources */ = {isa = PBXBuildFile; fileRef = 07B145C01E953D500030938C /* GCDCoreOperationsTests.swift */; };
		07B145C31E953D500030938C /* GCDCoreOperations.h in Headers */ = {isa = PBXBuildFile; fileRef = 07B145B51E953D500030938C /* GCDCoreOperations.h */; settings = {ATTRIBUTES = (Public, ); }; };
		07B145D41E953F030030938C /* DelayOperation.swift in Sources */ = {isa = PBXBuildFile; fileRef = 07B145D01E953F020030938C /* DelayOperation.swift */; };
		07B145E11E953F0E0030938C /* Operation.swift in Sources */ = {isa = PBXBuildFile; fileRef = 07B145D71E953F0E0030938C /* Operation.swift */; };
		07B145E21E953F0E0030938C /* OperationQueue.swift in Sources */ = {isa = PBXBuildFile; fileRef = 07B145D81E953F0E0030938C /* OperationQueue.swift */; };
		07B145E31E953F0E0030938C /* Atomic.swift in Sources */ = {isa = PBXBuildFile; fileRef = 07B145DA1E953F0E0030938C /* Atomic.swift */; };
		07B145E61E953F0E0030938C /* OperationErrors.swift in Sources */ = {isa = PBXBuildFile; fileRef = 07B145DE1E953F0E0030938C /* OperationErrors.swift */; };
		07B145E91E953F9C0030938C /* GroupOperation.swift in Sources */ = {isa = PBXBuildFile; fileRef = 07B145E81E953F9C0030938C /* GroupOperation.swift */; };
		07B145ED1E95400E0030938C /* GCDOperations.swift in Sources */ = {isa = PBXBuildFile; fileRef = 07B145EC1E95400E0030938C /* GCDOperations.swift */; };
		07B145EF1E9540880030938C /* GCDCoreOperations.framework in Frameworks */ = {isa = PBXBuildFile; fileRef = 07B145B31E953D500030938C /* GCDCoreOperations.framework */; };
		07FFD3581F1104B300228835 /* BlockOperation.swift in Sources */ = {isa = PBXBuildFile; fileRef = 07FFD3571F1104B300228835 /* BlockOperation.swift */; };
		07FFD3611F11055700228835 /* ExclusivityController.swift in Sources */ = {isa = PBXBuildFile; fileRef = 07FFD35F1F11055700228835 /* ExclusivityController.swift */; };
		07FFD3621F11055700228835 /* OperationCondition.swift in Sources */ = {isa = PBXBuildFile; fileRef = 07FFD3601F11055700228835 /* OperationCondition.swift */; };
		07FFD3661F11056100228835 /* BlockObserver.swift in Sources */ = {isa = PBXBuildFile; fileRef = 07FFD3641F11056100228835 /* BlockObserver.swift */; };
		07FFD3671F11056100228835 /* OperationObserver.swift in Sources */ = {isa = PBXBuildFile; fileRef = 07FFD3651F11056100228835 /* OperationObserver.swift */; };
		07FFD3691F1106EB00228835 /* MutuallyExclusive.swift in Sources */ = {isa = PBXBuildFile; fileRef = 07FFD3681F1106EB00228835 /* MutuallyExclusive.swift */; };
		07FFD36B1F11084900228835 /* Negated.swift in Sources */ = {isa = PBXBuildFile; fileRef = 07FFD36A1F11084900228835 /* Negated.swift */; };
		07FFD36D1F1108EC00228835 /* NoCancelledDependencies.swift in Sources */ = {isa = PBXBuildFile; fileRef = 07FFD36C1F1108EC00228835 /* NoCancelledDependencies.swift */; };
		07FFD36F1F110A0100228835 /* NoFailedDependencies.swift in Sources */ = {isa = PBXBuildFile; fileRef = 07FFD36E1F110A0100228835 /* NoFailedDependencies.swift */; };
		07FFD3711F110BC700228835 /* Silent.swift in Sources */ = {isa = PBXBuildFile; fileRef = 07FFD3701F110BC700228835 /* Silent.swift */; };
		07FFD3731F110DBA00228835 /* Timeout.swift in Sources */ = {isa = PBXBuildFile; fileRef = 07FFD3721F110DBA00228835 /* Timeout.swift */; };
/* End PBXBuildFile section */

/* Begin PBXContainerItemProxy section */
		07352FBC1E90FBE50011C4A8 /* PBXContainerItemProxy */ = {
			isa = PBXContainerItemProxy;
			containerPortal = 07352FA81E90FBE50011C4A8 /* Project object */;
			proxyType = 1;
			remoteGlobalIDString = 07352FB01E90FBE50011C4A8;
			remoteInfo = GCDOperations;
		};
		07B145BD1E953D500030938C /* PBXContainerItemProxy */ = {
			isa = PBXContainerItemProxy;
			containerPortal = 07352FA81E90FBE50011C4A8 /* Project object */;
			proxyType = 1;
			remoteGlobalIDString = 07B145B21E953D500030938C;
			remoteInfo = GCDCoreOperations;
		};
/* End PBXContainerItemProxy section */

/* Begin PBXFileReference section */
		07352FB11E90FBE50011C4A8 /* GCDOperations.framework */ = {isa = PBXFileReference; explicitFileType = wrapper.framework; includeInIndex = 0; path = GCDOperations.framework; sourceTree = BUILT_PRODUCTS_DIR; };
		07352FB41E90FBE50011C4A8 /* GCDOperations.h */ = {isa = PBXFileReference; lastKnownFileType = sourcecode.c.h; path = GCDOperations.h; sourceTree = "<group>"; };
		07352FB51E90FBE50011C4A8 /* Info.plist */ = {isa = PBXFileReference; lastKnownFileType = text.plist.xml; path = Info.plist; sourceTree = "<group>"; };
		07352FBA1E90FBE50011C4A8 /* GCDOperationsTests.xctest */ = {isa = PBXFileReference; explicitFileType = wrapper.cfbundle; includeInIndex = 0; path = GCDOperationsTests.xctest; sourceTree = BUILT_PRODUCTS_DIR; };
		07352FBF1E90FBE50011C4A8 /* GCDOperationsTests.swift */ = {isa = PBXFileReference; lastKnownFileType = sourcecode.swift; path = GCDOperationsTests.swift; sourceTree = "<group>"; };
		07352FC11E90FBE50011C4A8 /* Info.plist */ = {isa = PBXFileReference; lastKnownFileType = text.plist.xml; path = Info.plist; sourceTree = "<group>"; };
		07B145B31E953D500030938C /* GCDCoreOperations.framework */ = {isa = PBXFileReference; explicitFileType = wrapper.framework; includeInIndex = 0; path = GCDCoreOperations.framework; sourceTree = BUILT_PRODUCTS_DIR; };
		07B145B51E953D500030938C /* GCDCoreOperations.h */ = {isa = PBXFileReference; lastKnownFileType = sourcecode.c.h; path = GCDCoreOperations.h; sourceTree = "<group>"; };
		07B145B61E953D500030938C /* Info.plist */ = {isa = PBXFileReference; lastKnownFileType = text.plist.xml; path = Info.plist; sourceTree = "<group>"; };
		07B145BB1E953D500030938C /* GCDCoreOperationsTests.xctest */ = {isa = PBXFileReference; explicitFileType = wrapper.cfbundle; includeInIndex = 0; path = GCDCoreOperationsTests.xctest; sourceTree = BUILT_PRODUCTS_DIR; };
		07B145C01E953D500030938C /* GCDCoreOperationsTests.swift */ = {isa = PBXFileReference; lastKnownFileType = sourcecode.swift; path = GCDCoreOperationsTests.swift; sourceTree = "<group>"; };
		07B145C21E953D500030938C /* Info.plist */ = {isa = PBXFileReference; lastKnownFileType = text.plist.xml; path = Info.plist; sourceTree = "<group>"; };
		07B145D01E953F020030938C /* DelayOperation.swift */ = {isa = PBXFileReference; fileEncoding = 4; lastKnownFileType = sourcecode.swift; path = DelayOperation.swift; sourceTree = "<group>"; };
		07B145D71E953F0E0030938C /* Operation.swift */ = {isa = PBXFileReference; fileEncoding = 4; lastKnownFileType = sourcecode.swift; path = Operation.swift; sourceTree = "<group>"; };
		07B145D81E953F0E0030938C /* OperationQueue.swift */ = {isa = PBXFileReference; fileEncoding = 4; lastKnownFileType = sourcecode.swift; path = OperationQueue.swift; sourceTree = "<group>"; };
		07B145DA1E953F0E0030938C /* Atomic.swift */ = {isa = PBXFileReference; fileEncoding = 4; lastKnownFileType = sourcecode.swift; path = Atomic.swift; sourceTree = "<group>"; };
		07B145DE1E953F0E0030938C /* OperationErrors.swift */ = {isa = PBXFileReference; fileEncoding = 4; lastKnownFileType = sourcecode.swift; path = OperationErrors.swift; sourceTree = "<group>"; };
		07B145E81E953F9C0030938C /* GroupOperation.swift */ = {isa = PBXFileReference; fileEncoding = 4; lastKnownFileType = sourcecode.swift; path = GroupOperation.swift; sourceTree = "<group>"; };
		07B145EC1E95400E0030938C /* GCDOperations.swift */ = {isa = PBXFileReference; fileEncoding = 4; lastKnownFileType = sourcecode.swift; path = GCDOperations.swift; sourceTree = "<group>"; };
		07FFD3571F1104B300228835 /* BlockOperation.swift */ = {isa = PBXFileReference; fileEncoding = 4; lastKnownFileType = sourcecode.swift; path = BlockOperation.swift; sourceTree = "<group>"; };
		07FFD35F1F11055700228835 /* ExclusivityController.swift */ = {isa = PBXFileReference; fileEncoding = 4; lastKnownFileType = sourcecode.swift; path = ExclusivityController.swift; sourceTree = "<group>"; };
		07FFD3601F11055700228835 /* OperationCondition.swift */ = {isa = PBXFileReference; fileEncoding = 4; lastKnownFileType = sourcecode.swift; path = OperationCondition.swift; sourceTree = "<group>"; };
		07FFD3641F11056100228835 /* BlockObserver.swift */ = {isa = PBXFileReference; fileEncoding = 4; lastKnownFileType = sourcecode.swift; path = BlockObserver.swift; sourceTree = "<group>"; };
		07FFD3651F11056100228835 /* OperationObserver.swift */ = {isa = PBXFileReference; fileEncoding = 4; lastKnownFileType = sourcecode.swift; path = OperationObserver.swift; sourceTree = "<group>"; };
		07FFD3681F1106EB00228835 /* MutuallyExclusive.swift */ = {isa = PBXFileReference; fileEncoding = 4; lastKnownFileType = sourcecode.swift; path = MutuallyExclusive.swift; sourceTree = "<group>"; };
		07FFD36A1F11084900228835 /* Negated.swift */ = {isa = PBXFileReference; fileEncoding = 4; lastKnownFileType = sourcecode.swift; path = Negated.swift; sourceTree = "<group>"; };
		07FFD36C1F1108EC00228835 /* NoCancelledDependencies.swift */ = {isa = PBXFileReference; fileEncoding = 4; lastKnownFileType = sourcecode.swift; path = NoCancelledDependencies.swift; sourceTree = "<group>"; };
		07FFD36E1F110A0100228835 /* NoFailedDependencies.swift */ = {isa = PBXFileReference; fileEncoding = 4; lastKnownFileType = sourcecode.swift; path = NoFailedDependencies.swift; sourceTree = "<group>"; };
		07FFD3701F110BC700228835 /* Silent.swift */ = {isa = PBXFileReference; fileEncoding = 4; lastKnownFileType = sourcecode.swift; path = Silent.swift; sourceTree = "<group>"; };
		07FFD3721F110DBA00228835 /* Timeout.swift */ = {isa = PBXFileReference; fileEncoding = 4; lastKnownFileType = sourcecode.swift; path = Timeout.swift; sourceTree = "<group>"; };
/* End PBXFileReference section */

/* Begin PBXFrameworksBuildPhase section */
		07352FAD1E90FBE50011C4A8 /* Frameworks */ = {
			isa = PBXFrameworksBuildPhase;
			buildActionMask = 2147483647;
			files = (
				07B145EF1E9540880030938C /* GCDCoreOperations.framework in Frameworks */,
			);
			runOnlyForDeploymentPostprocessing = 0;
		};
		07352FB71E90FBE50011C4A8 /* Frameworks */ = {
			isa = PBXFrameworksBuildPhase;
			buildActionMask = 2147483647;
			files = (
				07352FBB1E90FBE50011C4A8 /* GCDOperations.framework in Frameworks */,
			);
			runOnlyForDeploymentPostprocessing = 0;
		};
		07B145AF1E953D500030938C /* Frameworks */ = {
			isa = PBXFrameworksBuildPhase;
			buildActionMask = 2147483647;
			files = (
			);
			runOnlyForDeploymentPostprocessing = 0;
		};
		07B145B81E953D500030938C /* Frameworks */ = {
			isa = PBXFrameworksBuildPhase;
			buildActionMask = 2147483647;
			files = (
				07B145BC1E953D500030938C /* GCDCoreOperations.framework in Frameworks */,
			);
			runOnlyForDeploymentPostprocessing = 0;
		};
/* End PBXFrameworksBuildPhase section */

/* Begin PBXGroup section */
		07352FA71E90FBE50011C4A8 = {
			isa = PBXGroup;
			children = (
				07B145B41E953D500030938C /* GCDCoreOperations */,
				07B145BF1E953D500030938C /* GCDCoreOperationsTests */,
				07352FB31E90FBE50011C4A8 /* GCDOperations */,
				07352FBE1E90FBE50011C4A8 /* GCDOperationsTests */,
				07352FB21E90FBE50011C4A8 /* Products */,
			);
			sourceTree = "<group>";
		};
		07352FB21E90FBE50011C4A8 /* Products */ = {
			isa = PBXGroup;
			children = (
				07352FB11E90FBE50011C4A8 /* GCDOperations.framework */,
				07352FBA1E90FBE50011C4A8 /* GCDOperationsTests.xctest */,
				07B145B31E953D500030938C /* GCDCoreOperations.framework */,
				07B145BB1E953D500030938C /* GCDCoreOperationsTests.xctest */,
			);
			name = Products;
			sourceTree = "<group>";
		};
		07352FB31E90FBE50011C4A8 /* GCDOperations */ = {
			isa = PBXGroup;
			children = (
				07B145CB1E953F020030938C /* Conditions */,
				07FFD35D1F11052400228835 /* Observers */,
				07B145CE1E953F020030938C /* Operations */,
				07352FD31E9132060011C4A8 /* Supporting Files */,
				07B145EC1E95400E0030938C /* GCDOperations.swift */,
			);
			path = GCDOperations;
			sourceTree = "<group>";
		};
		07352FBE1E90FBE50011C4A8 /* GCDOperationsTests */ = {
			isa = PBXGroup;
			children = (
				07352FBF1E90FBE50011C4A8 /* GCDOperationsTests.swift */,
				07352FC11E90FBE50011C4A8 /* Info.plist */,
			);
			path = GCDOperationsTests;
			sourceTree = "<group>";
		};
		07352FD31E9132060011C4A8 /* Supporting Files */ = {
			isa = PBXGroup;
			children = (
				07352FB41E90FBE50011C4A8 /* GCDOperations.h */,
				07352FB51E90FBE50011C4A8 /* Info.plist */,
			);
			name = "Supporting Files";
			sourceTree = "<group>";
		};
		07B145B41E953D500030938C /* GCDCoreOperations */ = {
			isa = PBXGroup;
			children = (
				07B145D61E953F0E0030938C /* Base Classes */,
				07FFD35E1F11055700228835 /* Condition */,
				07B145D91E953F0E0030938C /* Helpers */,
				07FFD3631F11056100228835 /* Observer */,
				07B145DE1E953F0E0030938C /* OperationErrors.swift */,
				07B145CA1E953E260030938C /* Supporting Files */,
			);
			path = GCDCoreOperations;
			sourceTree = "<group>";
		};
		07B145BF1E953D500030938C /* GCDCoreOperationsTests */ = {
			isa = PBXGroup;
			children = (
				07B145C01E953D500030938C /* GCDCoreOperationsTests.swift */,
				07B145C21E953D500030938C /* Info.plist */,
			);
			path = GCDCoreOperationsTests;
			sourceTree = "<group>";
		};
		07B145CA1E953E260030938C /* Supporting Files */ = {
			isa = PBXGroup;
			children = (
				07B145B51E953D500030938C /* GCDCoreOperations.h */,
				07B145B61E953D500030938C /* Info.plist */,
			);
			name = "Supporting Files";
			sourceTree = "<group>";
		};
		07B145CB1E953F020030938C /* Conditions */ = {
			isa = PBXGroup;
			children = (
				07FFD3591F1104F500228835 /* Capabilities */,
				07FFD3681F1106EB00228835 /* MutuallyExclusive.swift */,
				07FFD36A1F11084900228835 /* Negated.swift */,
				07FFD36C1F1108EC00228835 /* NoCancelledDependencies.swift */,
				07FFD36E1F110A0100228835 /* NoFailedDependencies.swift */,
				07FFD3701F110BC700228835 /* Silent.swift */,
			);
			path = Conditions;
			sourceTree = "<group>";
		};
		07B145CE1E953F020030938C /* Operations */ = {
			isa = PBXGroup;
			children = (
				07B145D01E953F020030938C /* DelayOperation.swift */,
			);
			path = Operations;
			sourceTree = "<group>";
		};
		07B145D61E953F0E0030938C /* Base Classes */ = {
			isa = PBXGroup;
			children = (
				07B145E81E953F9C0030938C /* GroupOperation.swift */,
				07B145D71E953F0E0030938C /* Operation.swift */,
				07B145D81E953F0E0030938C /* OperationQueue.swift */,
				07FFD3571F1104B300228835 /* BlockOperation.swift */,
			);
			path = "Base Classes";
			sourceTree = "<group>";
		};
		07B145D91E953F0E0030938C /* Helpers */ = {
			isa = PBXGroup;
			children = (
				07B145DA1E953F0E0030938C /* Atomic.swift */,
			);
			path = Helpers;
			sourceTree = "<group>";
		};
		07FFD3591F1104F500228835 /* Capabilities */ = {
			isa = PBXGroup;
			children = (
			);
			path = Capabilities;
			sourceTree = "<group>";
		};
		07FFD35D1F11052400228835 /* Observers */ = {
			isa = PBXGroup;
			children = (
				07FFD3721F110DBA00228835 /* Timeout.swift */,
			);
			path = Observers;
			sourceTree = "<group>";
		};
		07FFD35E1F11055700228835 /* Condition */ = {
			isa = PBXGroup;
			children = (
				07FFD35F1F11055700228835 /* ExclusivityController.swift */,
				07FFD3601F11055700228835 /* OperationCondition.swift */,
			);
			path = Condition;
			sourceTree = "<group>";
		};
		07FFD3631F11056100228835 /* Observer */ = {
			isa = PBXGroup;
			children = (
				07FFD3641F11056100228835 /* BlockObserver.swift */,
				07FFD3651F11056100228835 /* OperationObserver.swift */,
			);
			path = Observer;
			sourceTree = "<group>";
		};
/* End PBXGroup section */

/* Begin PBXHeadersBuildPhase section */
		07352FAE1E90FBE50011C4A8 /* Headers */ = {
			isa = PBXHeadersBuildPhase;
			buildActionMask = 2147483647;
			files = (
				07352FC21E90FBE50011C4A8 /* GCDOperations.h in Headers */,
			);
			runOnlyForDeploymentPostprocessing = 0;
		};
		07B145B01E953D500030938C /* Headers */ = {
			isa = PBXHeadersBuildPhase;
			buildActionMask = 2147483647;
			files = (
				07B145C31E953D500030938C /* GCDCoreOperations.h in Headers */,
			);
			runOnlyForDeploymentPostprocessing = 0;
		};
/* End PBXHeadersBuildPhase section */

/* Begin PBXNativeTarget section */
		07352FB01E90FBE50011C4A8 /* GCDOperations */ = {
			isa = PBXNativeTarget;
			buildConfigurationList = 07352FC51E90FBE50011C4A8 /* Build configuration list for PBXNativeTarget "GCDOperations" */;
			buildPhases = (
				07352FAC1E90FBE50011C4A8 /* Sources */,
				07352FAD1E90FBE50011C4A8 /* Frameworks */,
				07352FAE1E90FBE50011C4A8 /* Headers */,
				07352FAF1E90FBE50011C4A8 /* Resources */,
			);
			buildRules = (
			);
			dependencies = (
			);
			name = GCDOperations;
			productName = GCDOperations;
			productReference = 07352FB11E90FBE50011C4A8 /* GCDOperations.framework */;
			productType = "com.apple.product-type.framework";
		};
		07352FB91E90FBE50011C4A8 /* GCDOperationsTests */ = {
			isa = PBXNativeTarget;
			buildConfigurationList = 07352FC81E90FBE50011C4A8 /* Build configuration list for PBXNativeTarget "GCDOperationsTests" */;
			buildPhases = (
				07352FB61E90FBE50011C4A8 /* Sources */,
				07352FB71E90FBE50011C4A8 /* Frameworks */,
				07352FB81E90FBE50011C4A8 /* Resources */,
			);
			buildRules = (
			);
			dependencies = (
				07352FBD1E90FBE50011C4A8 /* PBXTargetDependency */,
			);
			name = GCDOperationsTests;
			productName = GCDOperationsTests;
			productReference = 07352FBA1E90FBE50011C4A8 /* GCDOperationsTests.xctest */;
			productType = "com.apple.product-type.bundle.unit-test";
		};
		07B145B21E953D500030938C /* GCDCoreOperations */ = {
			isa = PBXNativeTarget;
			buildConfigurationList = 07B145C81E953D500030938C /* Build configuration list for PBXNativeTarget "GCDCoreOperations" */;
			buildPhases = (
				07B145AE1E953D500030938C /* Sources */,
				07B145AF1E953D500030938C /* Frameworks */,
				07B145B01E953D500030938C /* Headers */,
				07B145B11E953D500030938C /* Resources */,
			);
			buildRules = (
			);
			dependencies = (
			);
			name = GCDCoreOperations;
			productName = GCDCoreOperations;
			productReference = 07B145B31E953D500030938C /* GCDCoreOperations.framework */;
			productType = "com.apple.product-type.framework";
		};
		07B145BA1E953D500030938C /* GCDCoreOperationsTests */ = {
			isa = PBXNativeTarget;
			buildConfigurationList = 07B145C91E953D500030938C /* Build configuration list for PBXNativeTarget "GCDCoreOperationsTests" */;
			buildPhases = (
				07B145B71E953D500030938C /* Sources */,
				07B145B81E953D500030938C /* Frameworks */,
				07B145B91E953D500030938C /* Resources */,
			);
			buildRules = (
			);
			dependencies = (
				07B145BE1E953D500030938C /* PBXTargetDependency */,
			);
			name = GCDCoreOperationsTests;
			productName = GCDCoreOperationsTests;
			productReference = 07B145BB1E953D500030938C /* GCDCoreOperationsTests.xctest */;
			productType = "com.apple.product-type.bundle.unit-test";
		};
/* End PBXNativeTarget section */

/* Begin PBXProject section */
		07352FA81E90FBE50011C4A8 /* Project object */ = {
			isa = PBXProject;
			attributes = {
				LastSwiftUpdateCheck = 0830;
				LastUpgradeCheck = 0920;
				ORGANIZATIONNAME = "Florian Friedrich";
				TargetAttributes = {
					07352FB01E90FBE50011C4A8 = {
						CreatedOnToolsVersion = 8.3;
						LastSwiftMigration = 0830;
						ProvisioningStyle = Automatic;
					};
					07352FB91E90FBE50011C4A8 = {
						CreatedOnToolsVersion = 8.3;
						DevelopmentTeam = 8AVR59FNSV;
						ProvisioningStyle = Automatic;
					};
					07B145B21E953D500030938C = {
						CreatedOnToolsVersion = 8.3;
						LastSwiftMigration = 0920;
						ProvisioningStyle = Automatic;
					};
					07B145BA1E953D500030938C = {
						CreatedOnToolsVersion = 8.3;
						DevelopmentTeam = 8AVR59FNSV;
						LastSwiftMigration = 0920;
						ProvisioningStyle = Automatic;
					};
				};
			};
			buildConfigurationList = 07352FAB1E90FBE50011C4A8 /* Build configuration list for PBXProject "GCDOperations" */;
			compatibilityVersion = "Xcode 8.0";
			developmentRegion = English;
			hasScannedForEncodings = 0;
			knownRegions = (
				en,
			);
			mainGroup = 07352FA71E90FBE50011C4A8;
			productRefGroup = 07352FB21E90FBE50011C4A8 /* Products */;
			projectDirPath = "";
			projectRoot = "";
			targets = (
				07B145B21E953D500030938C /* GCDCoreOperations */,
				07B145BA1E953D500030938C /* GCDCoreOperationsTests */,
				07352FB01E90FBE50011C4A8 /* GCDOperations */,
				07352FB91E90FBE50011C4A8 /* GCDOperationsTests */,
			);
		};
/* End PBXProject section */

/* Begin PBXResourcesBuildPhase section */
		07352FAF1E90FBE50011C4A8 /* Resources */ = {
			isa = PBXResourcesBuildPhase;
			buildActionMask = 2147483647;
			files = (
			);
			runOnlyForDeploymentPostprocessing = 0;
		};
		07352FB81E90FBE50011C4A8 /* Resources */ = {
			isa = PBXResourcesBuildPhase;
			buildActionMask = 2147483647;
			files = (
			);
			runOnlyForDeploymentPostprocessing = 0;
		};
		07B145B11E953D500030938C /* Resources */ = {
			isa = PBXResourcesBuildPhase;
			buildActionMask = 2147483647;
			files = (
			);
			runOnlyForDeploymentPostprocessing = 0;
		};
		07B145B91E953D500030938C /* Resources */ = {
			isa = PBXResourcesBuildPhase;
			buildActionMask = 2147483647;
			files = (
			);
			runOnlyForDeploymentPostprocessing = 0;
		};
/* End PBXResourcesBuildPhase section */

/* Begin PBXSourcesBuildPhase section */
		07352FAC1E90FBE50011C4A8 /* Sources */ = {
			isa = PBXSourcesBuildPhase;
			buildActionMask = 2147483647;
			files = (
				07FFD36F1F110A0100228835 /* NoFailedDependencies.swift in Sources */,
				07FFD36B1F11084900228835 /* Negated.swift in Sources */,
				07FFD36D1F1108EC00228835 /* NoCancelledDependencies.swift in Sources */,
				07B145ED1E95400E0030938C /* GCDOperations.swift in Sources */,
				07FFD3711F110BC700228835 /* Silent.swift in Sources */,
				07FFD3691F1106EB00228835 /* MutuallyExclusive.swift in Sources */,
				07B145D41E953F030030938C /* DelayOperation.swift in Sources */,
				07FFD3731F110DBA00228835 /* Timeout.swift in Sources */,
			);
			runOnlyForDeploymentPostprocessing = 0;
		};
		07352FB61E90FBE50011C4A8 /* Sources */ = {
			isa = PBXSourcesBuildPhase;
			buildActionMask = 2147483647;
			files = (
				07352FC01E90FBE50011C4A8 /* GCDOperationsTests.swift in Sources */,
			);
			runOnlyForDeploymentPostprocessing = 0;
		};
		07B145AE1E953D500030938C /* Sources */ = {
			isa = PBXSourcesBuildPhase;
			buildActionMask = 2147483647;
			files = (
				07B145E11E953F0E0030938C /* Operation.swift in Sources */,
				07B145E31E953F0E0030938C /* Atomic.swift in Sources */,
				07FFD3581F1104B300228835 /* BlockOperation.swift in Sources */,
				07B145E21E953F0E0030938C /* OperationQueue.swift in Sources */,
				07FFD3611F11055700228835 /* ExclusivityController.swift in Sources */,
				07FFD3661F11056100228835 /* BlockObserver.swift in Sources */,
				07B145E91E953F9C0030938C /* GroupOperation.swift in Sources */,
				07B145E61E953F0E0030938C /* OperationErrors.swift in Sources */,
				07FFD3621F11055700228835 /* OperationCondition.swift in Sources */,
				07FFD3671F11056100228835 /* OperationObserver.swift in Sources */,
			);
			runOnlyForDeploymentPostprocessing = 0;
		};
		07B145B71E953D500030938C /* Sources */ = {
			isa = PBXSourcesBuildPhase;
			buildActionMask = 2147483647;
			files = (
				07B145C11E953D500030938C /* GCDCoreOperationsTests.swift in Sources */,
			);
			runOnlyForDeploymentPostprocessing = 0;
		};
/* End PBXSourcesBuildPhase section */

/* Begin PBXTargetDependency section */
		07352FBD1E90FBE50011C4A8 /* PBXTargetDependency */ = {
			isa = PBXTargetDependency;
			target = 07352FB01E90FBE50011C4A8 /* GCDOperations */;
			targetProxy = 07352FBC1E90FBE50011C4A8 /* PBXContainerItemProxy */;
		};
		07B145BE1E953D500030938C /* PBXTargetDependency */ = {
			isa = PBXTargetDependency;
			target = 07B145B21E953D500030938C /* GCDCoreOperations */;
			targetProxy = 07B145BD1E953D500030938C /* PBXContainerItemProxy */;
		};
/* End PBXTargetDependency section */

/* Begin XCBuildConfiguration section */
		07352FC31E90FBE50011C4A8 /* Debug */ = {
			isa = XCBuildConfiguration;
			buildSettings = {
				ALWAYS_SEARCH_USER_PATHS = NO;
				CLANG_ANALYZER_NONNULL = YES;
				CLANG_ANALYZER_NUMBER_OBJECT_CONVERSION = YES_AGGRESSIVE;
				CLANG_ENABLE_MODULES = YES;
				CLANG_ENABLE_OBJC_ARC = YES;
				CLANG_WARN_BLOCK_CAPTURE_AUTORELEASING = YES;
				CLANG_WARN_BOOL_CONVERSION = YES;
				CLANG_WARN_COMMA = YES;
				CLANG_WARN_CONSTANT_CONVERSION = YES;
				CLANG_WARN_DIRECT_OBJC_ISA_USAGE = YES_ERROR;
				CLANG_WARN_DOCUMENTATION_COMMENTS = YES;
				CLANG_WARN_EMPTY_BODY = YES;
				CLANG_WARN_ENUM_CONVERSION = YES;
				CLANG_WARN_INFINITE_RECURSION = YES;
				CLANG_WARN_INT_CONVERSION = YES;
				CLANG_WARN_NON_LITERAL_NULL_CONVERSION = YES;
				CLANG_WARN_OBJC_LITERAL_CONVERSION = YES;
				CLANG_WARN_OBJC_ROOT_CLASS = YES_ERROR;
				CLANG_WARN_RANGE_LOOP_ANALYSIS = YES;
				CLANG_WARN_STRICT_PROTOTYPES = YES;
				CLANG_WARN_SUSPICIOUS_MOVE = YES;
				CLANG_WARN_UNREACHABLE_CODE = YES;
				CLANG_WARN__DUPLICATE_METHOD_MATCH = YES;
				COPY_PHASE_STRIP = NO;
				CURRENT_PROJECT_VERSION = 1;
				DEBUG_INFORMATION_FORMAT = dwarf;
				DYLIB_INSTALL_NAME_BASE = "@rpath";
				ENABLE_STRICT_OBJC_MSGSEND = YES;
				ENABLE_TESTABILITY = YES;
				GCC_DYNAMIC_NO_PIC = NO;
				GCC_NO_COMMON_BLOCKS = YES;
				GCC_OPTIMIZATION_LEVEL = 0;
				GCC_PREPROCESSOR_DEFINITIONS = (
					"DEBUG=1",
					"$(inherited)",
				);
				GCC_WARN_64_TO_32_BIT_CONVERSION = YES;
				GCC_WARN_ABOUT_RETURN_TYPE = YES_ERROR;
				GCC_WARN_UNDECLARED_SELECTOR = YES;
				GCC_WARN_UNINITIALIZED_AUTOS = YES_AGGRESSIVE;
				GCC_WARN_UNUSED_FUNCTION = YES;
				GCC_WARN_UNUSED_VARIABLE = YES;
				IPHONEOS_DEPLOYMENT_TARGET = 10.0;
				LD_RUNPATH_SEARCH_PATHS = "$(inherited) @executable_path/Frameworks @loader_path/Frameworks";
				"LD_RUNPATH_SEARCH_PATHS[sdk=macosx*]" = "$(inherited) @loader_path/../Frameworks";
				MACOSX_DEPLOYMENT_TARGET = 10.12;
				MTL_ENABLE_DEBUG_INFO = YES;
				ONLY_ACTIVE_ARCH = YES;
				SDKROOT = iphoneos;
				SUPPORTED_PLATFORMS = "macosx iphoneos iphonesimulator appletvos appletvsimulator watchos watchsimulator";
				SWIFT_ACTIVE_COMPILATION_CONDITIONS = DEBUG;
				SWIFT_OPTIMIZATION_LEVEL = "-Onone";
				SWIFT_VERSION = 4.0;
				TARGETED_DEVICE_FAMILY = "1,2";
				TVOS_DEPLOYMENT_TARGET = 10.0;
				VALID_ARCHS = "arm64 armv7 armv7s x86_64 i386 armv7k";
				VERSIONING_SYSTEM = "apple-generic";
				VERSION_INFO_PREFIX = "";
				WATCHOS_DEPLOYMENT_TARGET = 3.0;
			};
			name = Debug;
		};
		07352FC41E90FBE50011C4A8 /* Release */ = {
			isa = XCBuildConfiguration;
			buildSettings = {
				ALWAYS_SEARCH_USER_PATHS = NO;
				CLANG_ANALYZER_NONNULL = YES;
				CLANG_ANALYZER_NUMBER_OBJECT_CONVERSION = YES_AGGRESSIVE;
				CLANG_ENABLE_MODULES = YES;
				CLANG_ENABLE_OBJC_ARC = YES;
				CLANG_WARN_BLOCK_CAPTURE_AUTORELEASING = YES;
				CLANG_WARN_BOOL_CONVERSION = YES;
				CLANG_WARN_COMMA = YES;
				CLANG_WARN_CONSTANT_CONVERSION = YES;
				CLANG_WARN_DIRECT_OBJC_ISA_USAGE = YES_ERROR;
				CLANG_WARN_DOCUMENTATION_COMMENTS = YES;
				CLANG_WARN_EMPTY_BODY = YES;
				CLANG_WARN_ENUM_CONVERSION = YES;
				CLANG_WARN_INFINITE_RECURSION = YES;
				CLANG_WARN_INT_CONVERSION = YES;
				CLANG_WARN_NON_LITERAL_NULL_CONVERSION = YES;
				CLANG_WARN_OBJC_LITERAL_CONVERSION = YES;
				CLANG_WARN_OBJC_ROOT_CLASS = YES_ERROR;
				CLANG_WARN_RANGE_LOOP_ANALYSIS = YES;
				CLANG_WARN_STRICT_PROTOTYPES = YES;
				CLANG_WARN_SUSPICIOUS_MOVE = YES;
				CLANG_WARN_UNREACHABLE_CODE = YES;
				CLANG_WARN__DUPLICATE_METHOD_MATCH = YES;
				COPY_PHASE_STRIP = NO;
				CURRENT_PROJECT_VERSION = 1;
				DEBUG_INFORMATION_FORMAT = "dwarf-with-dsym";
				DYLIB_INSTALL_NAME_BASE = "@rpath";
				ENABLE_NS_ASSERTIONS = NO;
				ENABLE_STRICT_OBJC_MSGSEND = YES;
				GCC_NO_COMMON_BLOCKS = YES;
				GCC_WARN_64_TO_32_BIT_CONVERSION = YES;
				GCC_WARN_ABOUT_RETURN_TYPE = YES_ERROR;
				GCC_WARN_UNDECLARED_SELECTOR = YES;
				GCC_WARN_UNINITIALIZED_AUTOS = YES_AGGRESSIVE;
				GCC_WARN_UNUSED_FUNCTION = YES;
				GCC_WARN_UNUSED_VARIABLE = YES;
				IPHONEOS_DEPLOYMENT_TARGET = 10.0;
				LD_RUNPATH_SEARCH_PATHS = "$(inherited) @executable_path/Frameworks @loader_path/Frameworks";
				"LD_RUNPATH_SEARCH_PATHS[sdk=macosx*]" = "$(inherited) @loader_path/../Frameworks";
				MACOSX_DEPLOYMENT_TARGET = 10.12;
				MTL_ENABLE_DEBUG_INFO = NO;
				SDKROOT = iphoneos;
				SUPPORTED_PLATFORMS = "macosx iphoneos iphonesimulator appletvos appletvsimulator watchos watchsimulator";
				SWIFT_OPTIMIZATION_LEVEL = "-Owholemodule";
				SWIFT_VERSION = 4.0;
				TARGETED_DEVICE_FAMILY = "1,2";
				TVOS_DEPLOYMENT_TARGET = 10.0;
				VALIDATE_PRODUCT = YES;
				VALID_ARCHS = "arm64 armv7 armv7s x86_64 i386 armv7k";
				VERSIONING_SYSTEM = "apple-generic";
				VERSION_INFO_PREFIX = "";
				WATCHOS_DEPLOYMENT_TARGET = 3.0;
			};
			name = Release;
		};
		07352FC61E90FBE50011C4A8 /* Debug */ = {
			isa = XCBuildConfiguration;
			buildSettings = {
				APPLICATION_EXTENSION_API_ONLY = YES;
				DEFINES_MODULE = YES;
				DEVELOPMENT_TEAM = "";
				DYLIB_COMPATIBILITY_VERSION = 1;
				DYLIB_CURRENT_VERSION = 1;
				INFOPLIST_FILE = GCDOperations/Info.plist;
				INSTALL_PATH = "$(LOCAL_LIBRARY_DIR)/Frameworks";
				PRODUCT_BUNDLE_IDENTIFIER = net.ffried.GCDOperations;
				PRODUCT_NAME = "$(TARGET_NAME)";
				SKIP_INSTALL = YES;
			};
			name = Debug;
		};
		07352FC71E90FBE50011C4A8 /* Release */ = {
			isa = XCBuildConfiguration;
			buildSettings = {
				APPLICATION_EXTENSION_API_ONLY = YES;
				DEFINES_MODULE = YES;
				DEVELOPMENT_TEAM = "";
				DYLIB_COMPATIBILITY_VERSION = 1;
				DYLIB_CURRENT_VERSION = 1;
				INFOPLIST_FILE = GCDOperations/Info.plist;
				INSTALL_PATH = "$(LOCAL_LIBRARY_DIR)/Frameworks";
				PRODUCT_BUNDLE_IDENTIFIER = net.ffried.GCDOperations;
				PRODUCT_NAME = "$(TARGET_NAME)";
				SKIP_INSTALL = YES;
			};
			name = Release;
		};
		07352FC91E90FBE50011C4A8 /* Debug */ = {
			isa = XCBuildConfiguration;
			buildSettings = {
				ALWAYS_EMBED_SWIFT_STANDARD_LIBRARIES = YES;
				CODE_SIGN_IDENTITY = "Mac Developer";
				"CODE_SIGN_IDENTITY[sdk=*]" = "iPhone Developer";
				"CODE_SIGN_IDENTITY[sdk=macosx*]" = "";
				DEVELOPMENT_TEAM = 8AVR59FNSV;
				INFOPLIST_FILE = GCDOperationsTests/Info.plist;
				PRODUCT_BUNDLE_IDENTIFIER = net.ffried.GCDOperationsTests;
				PRODUCT_NAME = "$(TARGET_NAME)";
			};
			name = Debug;
		};
		07352FCA1E90FBE50011C4A8 /* Release */ = {
			isa = XCBuildConfiguration;
			buildSettings = {
				ALWAYS_EMBED_SWIFT_STANDARD_LIBRARIES = YES;
				CODE_SIGN_IDENTITY = "Mac Developer";
				"CODE_SIGN_IDENTITY[sdk=*]" = "iPhone Distribution";
				"CODE_SIGN_IDENTITY[sdk=macosx*]" = "";
				DEVELOPMENT_TEAM = 8AVR59FNSV;
				INFOPLIST_FILE = GCDOperationsTests/Info.plist;
				PRODUCT_BUNDLE_IDENTIFIER = net.ffried.GCDOperationsTests;
				PRODUCT_NAME = "$(TARGET_NAME)";
			};
			name = Release;
		};
		07B145C41E953D500030938C /* Debug */ = {
			isa = XCBuildConfiguration;
			buildSettings = {
				APPLICATION_EXTENSION_API_ONLY = YES;
				CLANG_ENABLE_MODULES = YES;
				DEFINES_MODULE = YES;
				DYLIB_COMPATIBILITY_VERSION = 1;
				DYLIB_CURRENT_VERSION = 1;
				INFOPLIST_FILE = GCDCoreOperations/Info.plist;
				INSTALL_PATH = "$(LOCAL_LIBRARY_DIR)/Frameworks";
				LD_RUNPATH_SEARCH_PATHS = "$(inherited) @executable_path/Frameworks @loader_path/Frameworks";
				PRODUCT_BUNDLE_IDENTIFIER = net.ffried.GCDCoreOperations;
				PRODUCT_NAME = "$(TARGET_NAME)";
				SKIP_INSTALL = YES;
				SWIFT_OPTIMIZATION_LEVEL = "-Onone";
			};
			name = Debug;
		};
		07B145C51E953D500030938C /* Release */ = {
			isa = XCBuildConfiguration;
			buildSettings = {
				APPLICATION_EXTENSION_API_ONLY = YES;
				CLANG_ENABLE_MODULES = YES;
				DEFINES_MODULE = YES;
				DYLIB_COMPATIBILITY_VERSION = 1;
				DYLIB_CURRENT_VERSION = 1;
				INFOPLIST_FILE = GCDCoreOperations/Info.plist;
				INSTALL_PATH = "$(LOCAL_LIBRARY_DIR)/Frameworks";
				LD_RUNPATH_SEARCH_PATHS = "$(inherited) @executable_path/Frameworks @loader_path/Frameworks";
				PRODUCT_BUNDLE_IDENTIFIER = net.ffried.GCDCoreOperations;
				PRODUCT_NAME = "$(TARGET_NAME)";
				SKIP_INSTALL = YES;
			};
			name = Release;
		};
		07B145C61E953D500030938C /* Debug */ = {
			isa = XCBuildConfiguration;
			buildSettings = {
				ALWAYS_EMBED_SWIFT_STANDARD_LIBRARIES = YES;
				CODE_SIGN_IDENTITY = "Mac Developer";
				"CODE_SIGN_IDENTITY[sdk=*]" = "iPhone Developer";
				"CODE_SIGN_IDENTITY[sdk=macosx*]" = "";
				DEVELOPMENT_TEAM = 8AVR59FNSV;
				INFOPLIST_FILE = GCDCoreOperationsTests/Info.plist;
				IPHONEOS_DEPLOYMENT_TARGET = 10.3;
				PRODUCT_BUNDLE_IDENTIFIER = net.ffried.GCDCoreOperationsTests;
				PRODUCT_NAME = "$(TARGET_NAME)";
			};
			name = Debug;
		};
		07B145C71E953D500030938C /* Release */ = {
			isa = XCBuildConfiguration;
			buildSettings = {
				ALWAYS_EMBED_SWIFT_STANDARD_LIBRARIES = YES;
				CODE_SIGN_IDENTITY = "Mac Developer";
				"CODE_SIGN_IDENTITY[sdk=*]" = "iPhone Distribution";
				"CODE_SIGN_IDENTITY[sdk=macosx*]" = "";
				DEVELOPMENT_TEAM = 8AVR59FNSV;
				INFOPLIST_FILE = GCDCoreOperationsTests/Info.plist;
				IPHONEOS_DEPLOYMENT_TARGET = 10.3;
				PRODUCT_BUNDLE_IDENTIFIER = net.ffried.GCDCoreOperationsTests;
				PRODUCT_NAME = "$(TARGET_NAME)";
			};
			name = Release;
		};
/* End XCBuildConfiguration section */

/* Begin XCConfigurationList section */
		07352FAB1E90FBE50011C4A8 /* Build configuration list for PBXProject "GCDOperations" */ = {
			isa = XCConfigurationList;
			buildConfigurations = (
				07352FC31E90FBE50011C4A8 /* Debug */,
				07352FC41E90FBE50011C4A8 /* Release */,
			);
			defaultConfigurationIsVisible = 0;
			defaultConfigurationName = Release;
		};
		07352FC51E90FBE50011C4A8 /* Build configuration list for PBXNativeTarget "GCDOperations" */ = {
			isa = XCConfigurationList;
			buildConfigurations = (
				07352FC61E90FBE50011C4A8 /* Debug */,
				07352FC71E90FBE50011C4A8 /* Release */,
			);
			defaultConfigurationIsVisible = 0;
			defaultConfigurationName = Release;
		};
		07352FC81E90FBE50011C4A8 /* Build configuration list for PBXNativeTarget "GCDOperationsTests" */ = {
			isa = XCConfigurationList;
			buildConfigurations = (
				07352FC91E90FBE50011C4A8 /* Debug */,
				07352FCA1E90FBE50011C4A8 /* Release */,
			);
			defaultConfigurationIsVisible = 0;
			defaultConfigurationName = Release;
		};
		07B145C81E953D500030938C /* Build configuration list for PBXNativeTarget "GCDCoreOperations" */ = {
			isa = XCConfigurationList;
			buildConfigurations = (
				07B145C41E953D500030938C /* Debug */,
				07B145C51E953D500030938C /* Release */,
			);
			defaultConfigurationIsVisible = 0;
			defaultConfigurationName = Release;
		};
		07B145C91E953D500030938C /* Build configuration list for PBXNativeTarget "GCDCoreOperationsTests" */ = {
			isa = XCConfigurationList;
			buildConfigurations = (
				07B145C61E953D500030938C /* Debug */,
				07B145C71E953D500030938C /* Release */,
			);
			defaultConfigurationIsVisible = 0;
			defaultConfigurationName = Release;
		};
/* End XCConfigurationList section */
	};
	rootObject = 07352FA81E90FBE50011C4A8 /* Project object */;
}
